{
  "object": {
    "pins": [
      {
        "package": "ShellQuote",
        "repositoryURL": "https://github.com/SwiftPackageIndex/ShellQuote",
        "state": {
          "branch": null,
          "revision": "31432fc1ef1000dce11109b9543dd88fd0819d22",
          "version": "1.0.0"
        }
      }
    ]
  },
  "version": 1
}
