{
  "pins" : [
    {
      "identity" : "shellquote",
      "kind" : "remoteSourceControl",
      "location" : "https://github.com/SwiftPackageIndex/ShellQuote",
      "state" : {
        "revision" : "5f555550c30ef43d64b36b40c2c291a95d62580c",
        "version" : "1.0.2"
      }
    },
    {
      "identity" : "swift-algorithms",
      "kind" : "remoteSourceControl",
      "location" : "https://github.com/apple/swift-algorithms.git",
      "state" : {
        "revision" : "b14b7f4c528c942f121c8b860b9410b2bf57825e",
        "version" : "1.0.0"
      }
    },
    {
      "identity" : "swift-log",
      "kind" : "remoteSourceControl",
      "location" : "https://github.com/apple/swift-log.git",
      "state" : {
        "revision" : "532d8b529501fb73a2455b179e0bbb6d49b652ed",
        "version" : "1.5.3"
      }
    },
    {
      "identity" : "swift-numerics",
      "kind" : "remoteSourceControl",
      "location" : "https://github.com/apple/swift-numerics",
      "state" : {
        "revision" : "0a5bc04095a675662cf24757cc0640aa2204253b",
        "version" : "1.0.2"
      }
    },
    {
      "identity" : "swift-system",
      "kind" : "remoteSourceControl",
      "location" : "https://github.com/apple/swift-system.git",
      "state" : {
        "revision" : "836bc4557b74fe6d2660218d56e3ce96aff76574",
        "version" : "1.1.1"
      }
    },
    {
      "identity" : "swift-tools-support-core",
      "kind" : "remoteSourceControl",
      "location" : "https://github.com/apple/swift-tools-support-core.git",
      "state" : {
        "revision" : "93784c59434dbca8e8a9e4b700d0d6d94551da6a",
        "version" : "0.5.2"
      }
    }
  ],
  "version" : 2
}
